
Microsoft Visual Studio Solution File, Format Version 12.00
# Visual Studio Version 17
VisualStudioVersion = 17.6.33815.320
MinimumVisualStudioVersion = 10.0.40219.1
Project("{9A19103F-16F7-4668-BE54-9A1E7A4F7556}") = "Contas", "financeiro\Contas.csproj", "{DFD4155C-ECF8-4B90-B135-2AFD1F1ED1BC}"
EndProject
Project("{FAE04EC0-301F-11D3-BF4B-00C04F79EFBC}") = "Pagamentos", "Pagamentos\Pagamentos.csproj", "{B0D081A0-D0BA-4630-AFED-9ACDBE7C81FB}"
EndProject
Global
	GlobalSection(SolutionConfigurationPlatforms) = preSolution
		Debug|Any CPU = Debug|Any CPU
		Release|Any CPU = Release|Any CPU
	EndGlobalSection
	GlobalSection(ProjectConfigurationPlatforms) = postSolution
		{DFD4155C-ECF8-4B90-B135-2AFD1F1ED1BC}.Debug|Any CPU.ActiveCfg = Debug|Any CPU
		{DFD4155C-ECF8-4B90-B135-2AFD1F1ED1BC}.Debug|Any CPU.Build.0 = Debug|Any CPU
		{DFD4155C-ECF8-4B90-B135-2AFD1F1ED1BC}.Release|Any CPU.ActiveCfg = Release|Any CPU
		{DFD4155C-ECF8-4B90-B135-2AFD1F1ED1BC}.Release|Any CPU.Build.0 = Release|Any CPU
		{B0D081A0-D0BA-4630-AFED-9ACDBE7C81FB}.Debug|Any CPU.ActiveCfg = Debug|Any CPU
		{B0D081A0-D0BA-4630-AFED-9ACDBE7C81FB}.Debug|Any CPU.Build.0 = Debug|Any CPU
		{B0D081A0-D0BA-4630-AFED-9ACDBE7C81FB}.Release|Any CPU.ActiveCfg = Release|Any CPU
		{B0D081A0-D0BA-4630-AFED-9ACDBE7C81FB}.Release|Any CPU.Build.0 = Release|Any CPU
	EndGlobalSection
	GlobalSection(SolutionProperties) = preSolution
		HideSolutionNode = FALSE
	EndGlobalSection
	GlobalSection(ExtensibilityGlobals) = postSolution
		SolutionGuid = {C8734E1D-BEA9-466E-9734-927EA5FEFBEE}
	EndGlobalSection
EndGlobal
